{
  "version": 4,
  "terraform_version": "0.13.4",
  "serial": 121,
  "lineage": "9d6e29ed-b1cb-3841-cfea-52917dc1a1ec",
  "outputs": {},
  "resources": [
    {
      "mode": "managed",
      "type": "google_dns_managed_zone",
      "name": "quobyte",
      "provider": "provider[\"registry.terraform.io/hashicorp/google\"]",
      "instances": [
        {
          "schema_version": 0,
          "attributes": {
            "description": "Presales Demo Domain",
            "dns_name": "quobyte-demo.com.",
            "dnssec_config": [],
            "force_destroy": true,
            "forwarding_config": [],
            "id": "projects/quobyte-demo/managedZones/dynamic-quobyte-demo-new",
            "labels": {},
            "name": "dynamic-quobyte-demo-new",
            "name_servers": [
              "ns-cloud-e1.googledomains.com.",
              "ns-cloud-e2.googledomains.com.",
              "ns-cloud-e3.googledomains.com.",
              "ns-cloud-e4.googledomains.com."
            ],
            "peering_config": [],
            "private_visibility_config": [],
            "project": "quobyte-demo",
            "timeouts": null,
            "visibility": "public"
          },
          "private": "eyJlMmJmYjczMC1lY2FhLTExZTYtOGY4OC0zNDM2M2JjN2M0YzAiOnsiY3JlYXRlIjoyNDAwMDAwMDAwMDAsImRlbGV0ZSI6MjQwMDAwMDAwMDAwLCJ1cGRhdGUiOjI0MDAwMDAwMDAwMH19"
        }
      ]
    },
    {
      "mode": "managed",
      "type": "google_dns_record_set",
      "name": "soa",
      "provider": "provider[\"registry.terraform.io/hashicorp/google\"]",
      "instances": [
        {
          "schema_version": 0,
          "attributes": {
            "id": "dynamic-quobyte-demo-new/quobyte-demo.com./SOA",
            "managed_zone": "dynamic-quobyte-demo-new",
            "name": "quobyte-demo.com.",
            "project": "quobyte-demo",
            "rrdatas": [
              "ns-cloud-d1.googledomains.com. cloud-dns-hostmaster.google.com. 1 21600 3600 259200 300"
            ],
            "ttl": 21600,
            "type": "SOA"
          }
        }
      ]
    }
  ]
}
