{
  "version": 4,
  "terraform_version": "0.13.4",
  "serial": 217,
  "lineage": "c2243ea4-e147-af20-e48b-10539ac35804",
  "outputs": {},
  "resources": [
    {
      "mode": "managed",
      "type": "google_dns_managed_zone",
      "name": "quobyte-1",
      "provider": "provider[\"registry.terraform.io/hashicorp/google\"]",
      "instances": [
        {
          "schema_version": 0,
          "attributes": {
            "cloud_logging_config": [
              {
                "enable_logging": false
              }
            ],
            "creation_time": "2023-07-18T12:16:07.490Z",
            "description": "Presales Demo Domain",
            "dns_name": "quobyte-demo.com.",
            "dnssec_config": [],
            "force_destroy": true,
            "forwarding_config": [],
            "id": "projects/quobyte-presales/managedZones/quobyte-demo-shard-1",
            "labels": {},
            "managed_zone_id": 5232949346766796302,
            "name": "quobyte-demo-shard-1",
            "name_servers": [
              "ns-cloud-b1.googledomains.com.",
              "ns-cloud-b2.googledomains.com.",
              "ns-cloud-b3.googledomains.com.",
              "ns-cloud-b4.googledomains.com."
            ],
            "peering_config": [],
            "private_visibility_config": [],
            "project": "quobyte-presales",
            "timeouts": null,
            "visibility": "public"
          },
          "private": "eyJlMmJmYjczMC1lY2FhLTExZTYtOGY4OC0zNDM2M2JjN2M0YzAiOnsiY3JlYXRlIjoxMjAwMDAwMDAwMDAwLCJkZWxldGUiOjEyMDAwMDAwMDAwMDAsInVwZGF0ZSI6MTIwMDAwMDAwMDAwMH19"
        }
      ]
    },
    {
      "mode": "managed",
      "type": "google_dns_managed_zone",
      "name": "quobyte-2",
      "provider": "provider[\"registry.terraform.io/hashicorp/google\"]",
      "instances": [
        {
          "schema_version": 0,
          "attributes": {
            "cloud_logging_config": [
              {
                "enable_logging": false
              }
            ],
            "creation_time": "2023-07-18T13:30:38.073Z",
            "description": "Presales Demo Domain",
            "dns_name": "quobyte-demo.com.",
            "dnssec_config": [],
            "force_destroy": true,
            "forwarding_config": [],
            "id": "projects/quobyte-presales/managedZones/quobyte-demo-shard-2",
            "labels": null,
            "managed_zone_id": 836479916395262589,
            "name": "quobyte-demo-shard-2",
            "name_servers": [
              "ns-cloud-d1.googledomains.com.",
              "ns-cloud-d2.googledomains.com.",
              "ns-cloud-d3.googledomains.com.",
              "ns-cloud-d4.googledomains.com."
            ],
            "peering_config": [],
            "private_visibility_config": [],
            "project": "quobyte-presales",
            "timeouts": null,
            "visibility": "public"
          },
          "private": "eyJlMmJmYjczMC1lY2FhLTExZTYtOGY4OC0zNDM2M2JjN2M0YzAiOnsiY3JlYXRlIjoxMjAwMDAwMDAwMDAwLCJkZWxldGUiOjEyMDAwMDAwMDAwMDAsInVwZGF0ZSI6MTIwMDAwMDAwMDAwMH19"
        }
      ]
    },
    {
      "mode": "managed",
      "type": "google_dns_managed_zone",
      "name": "quobyte-3",
      "provider": "provider[\"registry.terraform.io/hashicorp/google\"]",
      "instances": [
        {
          "schema_version": 0,
          "attributes": {
            "cloud_logging_config": [
              {
                "enable_logging": false
              }
            ],
            "creation_time": "2023-07-18T12:16:06.148Z",
            "description": "Presales Demo Domain",
            "dns_name": "quobyte-demo.com.",
            "dnssec_config": [],
            "force_destroy": true,
            "forwarding_config": [],
            "id": "projects/quobyte-presales/managedZones/quobyte-demo-shard-3",
            "labels": {},
            "managed_zone_id": 1251688607056279656,
            "name": "quobyte-demo-shard-3",
            "name_servers": [
              "ns-cloud-c1.googledomains.com.",
              "ns-cloud-c2.googledomains.com.",
              "ns-cloud-c3.googledomains.com.",
              "ns-cloud-c4.googledomains.com."
            ],
            "peering_config": [],
            "private_visibility_config": [],
            "project": "quobyte-presales",
            "timeouts": null,
            "visibility": "public"
          },
          "private": "eyJlMmJmYjczMC1lY2FhLTExZTYtOGY4OC0zNDM2M2JjN2M0YzAiOnsiY3JlYXRlIjoxMjAwMDAwMDAwMDAwLCJkZWxldGUiOjEyMDAwMDAwMDAwMDAsInVwZGF0ZSI6MTIwMDAwMDAwMDAwMH19"
        }
      ]
    },
    {
      "mode": "managed",
      "type": "google_dns_managed_zone",
      "name": "quobyte-4",
      "provider": "provider[\"registry.terraform.io/hashicorp/google\"]",
      "instances": [
        {
          "schema_version": 0,
          "attributes": {
            "cloud_logging_config": [
              {
                "enable_logging": false
              }
            ],
            "creation_time": "2023-07-18T12:16:07.879Z",
            "description": "Presales Demo Domain",
            "dns_name": "quobyte-demo.com.",
            "dnssec_config": [],
            "force_destroy": true,
            "forwarding_config": [],
            "id": "projects/quobyte-presales/managedZones/quobyte-demo-shard-5",
            "labels": {},
            "managed_zone_id": 1898990577727759943,
            "name": "quobyte-demo-shard-5",
            "name_servers": [
              "ns-cloud-e1.googledomains.com.",
              "ns-cloud-e2.googledomains.com.",
              "ns-cloud-e3.googledomains.com.",
              "ns-cloud-e4.googledomains.com."
            ],
            "peering_config": [],
            "private_visibility_config": [],
            "project": "quobyte-presales",
            "timeouts": null,
            "visibility": "public"
          },
          "private": "eyJlMmJmYjczMC1lY2FhLTExZTYtOGY4OC0zNDM2M2JjN2M0YzAiOnsiY3JlYXRlIjoxMjAwMDAwMDAwMDAwLCJkZWxldGUiOjEyMDAwMDAwMDAwMDAsInVwZGF0ZSI6MTIwMDAwMDAwMDAwMH19"
        }
      ]
    },
    {
      "mode": "managed",
      "type": "google_dns_record_set",
      "name": "txt-1",
      "provider": "provider[\"registry.terraform.io/hashicorp/google\"]",
      "instances": [
        {
          "schema_version": 0,
          "attributes": {
            "id": "projects/quobyte-presales/managedZones/quobyte-demo-shard-1/rrsets/quobyte-demo.com./TXT",
            "managed_zone": "quobyte-demo-shard-1",
            "name": "quobyte-demo.com.",
            "project": "quobyte-presales",
            "routing_policy": [],
            "rrdatas": [
              "\"google-site-verification=O11GQamZJ-IZsabVnZtXjApnHTFKxmfnnBjKsZ4h9B0\""
            ],
            "ttl": 600,
            "type": "TXT"
          },
          "private": "bnVsbA==",
          "dependencies": [
            "google_dns_managed_zone.quobyte-1"
          ]
        }
      ]
    },
    {
      "mode": "managed",
      "type": "google_dns_record_set",
      "name": "txt-2",
      "provider": "provider[\"registry.terraform.io/hashicorp/google\"]",
      "instances": [
        {
          "schema_version": 0,
          "attributes": {
            "id": "projects/quobyte-presales/managedZones/quobyte-demo-shard-2/rrsets/quobyte-demo.com./TXT",
            "managed_zone": "quobyte-demo-shard-2",
            "name": "quobyte-demo.com.",
            "project": "quobyte-presales",
            "routing_policy": [],
            "rrdatas": [
              "\"google-site-verification=O11GQamZJ-IZsabVnZtXjApnHTFKxmfnnBjKsZ4h9B0\""
            ],
            "ttl": 600,
            "type": "TXT"
          },
          "private": "bnVsbA==",
          "dependencies": [
            "google_dns_managed_zone.quobyte-2"
          ]
        }
      ]
    },
    {
      "mode": "managed",
      "type": "google_dns_record_set",
      "name": "txt-3",
      "provider": "provider[\"registry.terraform.io/hashicorp/google\"]",
      "instances": [
        {
          "schema_version": 0,
          "attributes": {
            "id": "projects/quobyte-presales/managedZones/quobyte-demo-shard-3/rrsets/quobyte-demo.com./TXT",
            "managed_zone": "quobyte-demo-shard-3",
            "name": "quobyte-demo.com.",
            "project": "quobyte-presales",
            "routing_policy": [],
            "rrdatas": [
              "\"google-site-verification=O11GQamZJ-IZsabVnZtXjApnHTFKxmfnnBjKsZ4h9B0\""
            ],
            "ttl": 600,
            "type": "TXT"
          },
          "private": "bnVsbA==",
          "dependencies": [
            "google_dns_managed_zone.quobyte-3"
          ]
        }
      ]
    },
    {
      "mode": "managed",
      "type": "google_dns_record_set",
      "name": "txt-4",
      "provider": "provider[\"registry.terraform.io/hashicorp/google\"]",
      "instances": [
        {
          "schema_version": 0,
          "attributes": {
            "id": "projects/quobyte-presales/managedZones/quobyte-demo-shard-5/rrsets/quobyte-demo.com./TXT",
            "managed_zone": "quobyte-demo-shard-5",
            "name": "quobyte-demo.com.",
            "project": "quobyte-presales",
            "routing_policy": [],
            "rrdatas": [
              "\"google-site-verification=O11GQamZJ-IZsabVnZtXjApnHTFKxmfnnBjKsZ4h9B0\""
            ],
            "ttl": 600,
            "type": "TXT"
          },
          "private": "bnVsbA==",
          "dependencies": [
            "google_dns_managed_zone.quobyte-4"
          ]
        }
      ]
    }
  ]
}
